
Microsoft Visual Studio Solution File, Format Version 12.00
# Visual Studio 15
VisualStudioVersion = 15.0.28307.645
MinimumVisualStudioVersion = 10.0.40219.1
Project("{FAE04EC0-301F-11D3-BF4B-00C04F79EFBC}") = "EasyChannelPacking", "EasyChannelPacking\EasyChannelPacking.csproj", "{5CD875C5-04A4-4F57-99BE-1BB3B266C255}"
EndProject
Global
	GlobalSection(SolutionConfigurationPlatforms) = preSolution
		Debug|Any CPU = Debug|Any CPU
		Release|Any CPU = Release|Any CPU
	EndGlobalSection
	GlobalSection(ProjectConfigurationPlatforms) = postSolution
		{5CD875C5-04A4-4F57-99BE-1BB3B266C255}.Debug|Any CPU.ActiveCfg = Debug|Any CPU
		{5CD875C5-04A4-4F57-99BE-1BB3B266C255}.Debug|Any CPU.Build.0 = Debug|Any CPU
		{5CD875C5-04A4-4F57-99BE-1BB3B266C255}.Release|Any CPU.ActiveCfg = Release|Any CPU
		{5CD875C5-04A4-4F57-99BE-1BB3B266C255}.Release|Any CPU.Build.0 = Release|Any CPU
	EndGlobalSection
	GlobalSection(SolutionProperties) = preSolution
		HideSolutionNode = FALSE
	EndGlobalSection
	GlobalSection(ExtensibilityGlobals) = postSolution
		SolutionGuid = {EB6F8DE6-6ADD-4600-9410-E94BB33D0E4E}
	EndGlobalSection
EndGlobal
